// !$*UTF8*$!
{
	archiveVersion = 1;
	classes = {
	};
	objectVersion = 50;
	objects = {

/* Begin PBXBuildFile section */
		74687A1324CC2E2F008CD6AE /* AppDelegate.swift in Sources */ = {isa = PBXBuildFile; fileRef = 74687A1224CC2E2F008CD6AE /* AppDelegate.swift */; };
		74687A1524CC2E2F008CD6AE /* SceneDelegate.swift in Sources */ = {isa = PBXBuildFile; fileRef = 74687A1424CC2E2F008CD6AE /* SceneDelegate.swift */; };
		74687A1A24CC2E2F008CD6AE /* Main.storyboard in Resources */ = {isa = PBXBuildFile; fileRef = 74687A1824CC2E2F008CD6AE /* Main.storyboard */; };
		74687A1C24CC2E30008CD6AE /* Assets.xcassets in Resources */ = {isa = PBXBuildFile; fileRef = 74687A1B24CC2E30008CD6AE /* Assets.xcassets */; };
		74687A1F24CC2E30008CD6AE /* LaunchScreen.storyboard in Resources */ = {isa = PBXBuildFile; fileRef = 74687A1D24CC2E30008CD6AE /* LaunchScreen.storyboard */; };
		74CF6A9024D040320074FFB2 /* MainViewController.swift in Sources */ = {isa = PBXBuildFile; fileRef = 74CF6A8F24D040320074FFB2 /* MainViewController.swift */; };
		74CF6A9224D0588D0074FFB2 /* Product.swift in Sources */ = {isa = PBXBuildFile; fileRef = 74CF6A9124D0588D0074FFB2 /* Product.swift */; };
		74CF6A9424D05A3D0074FFB2 /* ProductTableViewCell.swift in Sources */ = {isa = PBXBuildFile; fileRef = 74CF6A9324D05A3D0074FFB2 /* ProductTableViewCell.swift */; };
		74F83C8E24D3083200A41412 /* MainProductViewController.swift in Sources */ = {isa = PBXBuildFile; fileRef = 74F83C8D24D3083200A41412 /* MainProductViewController.swift */; };
		74F83C9024D314D700A41412 /* ProductCollectionViewCell.swift in Sources */ = {isa = PBXBuildFile; fileRef = 74F83C8F24D314D700A41412 /* ProductCollectionViewCell.swift */; };
		74F83C9224D31D8200A41412 /* ProductData.swift in Sources */ = {isa = PBXBuildFile; fileRef = 74F83C9124D31D8200A41412 /* ProductData.swift */; };
/* End PBXBuildFile section */

/* Begin PBXFileReference section */
		74687A0F24CC2E2F008CD6AE /* RecommendFoodApp.app */ = {isa = PBXFileReference; explicitFileType = wrapper.application; includeInIndex = 0; path = RecommendFoodApp.app; sourceTree = BUILT_PRODUCTS_DIR; };
		74687A1224CC2E2F008CD6AE /* AppDelegate.swift */ = {isa = PBXFileReference; lastKnownFileType = sourcecode.swift; path = AppDelegate.swift; sourceTree = "<group>"; };
		74687A1424CC2E2F008CD6AE /* SceneDelegate.swift */ = {isa = PBXFileReference; lastKnownFileType = sourcecode.swift; path = SceneDelegate.swift; sourceTree = "<group>"; };
		74687A1924CC2E2F008CD6AE /* Base */ = {isa = PBXFileReference; lastKnownFileType = file.storyboard; name = Base; path = Base.lproj/Main.storyboard; sourceTree = "<group>"; };
		74687A1B24CC2E30008CD6AE /* Assets.xcassets */ = {isa = PBXFileReference; lastKnownFileType = folder.assetcatalog; path = Assets.xcassets; sourceTree = "<group>"; };
		74687A1E24CC2E30008CD6AE /* Base */ = {isa = PBXFileReference; lastKnownFileType = file.storyboard; name = Base; path = Base.lproj/LaunchScreen.storyboard; sourceTree = "<group>"; };
		74687A2024CC2E30008CD6AE /* Info.plist */ = {isa = PBXFileReference; lastKnownFileType = text.plist.xml; path = Info.plist; sourceTree = "<group>"; };
		74CF6A8F24D040320074FFB2 /* MainViewController.swift */ = {isa = PBXFileReference; lastKnownFileType = sourcecode.swift; path = MainViewController.swift; sourceTree = "<group>"; };
		74CF6A9124D0588D0074FFB2 /* Product.swift */ = {isa = PBXFileReference; lastKnownFileType = sourcecode.swift; path = Product.swift; sourceTree = "<group>"; };
		74CF6A9324D05A3D0074FFB2 /* ProductTableViewCell.swift */ = {isa = PBXFileReference; lastKnownFileType = sourcecode.swift; path = ProductTableViewCell.swift; sourceTree = "<group>"; };
		74F83C8D24D3083200A41412 /* MainProductViewController.swift */ = {isa = PBXFileReference; lastKnownFileType = sourcecode.swift; path = MainProductViewController.swift; sourceTree = "<group>"; };
		74F83C8F24D314D700A41412 /* ProductCollectionViewCell.swift */ = {isa = PBXFileReference; lastKnownFileType = sourcecode.swift; path = ProductCollectionViewCell.swift; sourceTree = "<group>"; };
		74F83C9124D31D8200A41412 /* ProductData.swift */ = {isa = PBXFileReference; lastKnownFileType = sourcecode.swift; path = ProductData.swift; sourceTree = "<group>"; };
/* End PBXFileReference section */

/* Begin PBXFrameworksBuildPhase section */
		74687A0C24CC2E2F008CD6AE /* Frameworks */ = {
			isa = PBXFrameworksBuildPhase;
			buildActionMask = 2147483647;
			files = (
			);
			runOnlyForDeploymentPostprocessing = 0;
		};
/* End PBXFrameworksBuildPhase section */

/* Begin PBXGroup section */
		74687A0624CC2E2F008CD6AE = {
			isa = PBXGroup;
			children = (
				74687A1124CC2E2F008CD6AE /* RecommendFoodApp */,
				74687A1024CC2E2F008CD6AE /* Products */,
			);
			sourceTree = "<group>";
		};
		74687A1024CC2E2F008CD6AE /* Products */ = {
			isa = PBXGroup;
			children = (
				74687A0F24CC2E2F008CD6AE /* RecommendFoodApp.app */,
			);
			name = Products;
			sourceTree = "<group>";
		};
		74687A1124CC2E2F008CD6AE /* RecommendFoodApp */ = {
			isa = PBXGroup;
			children = (
				74CF6A8E24D0275D0074FFB2 /* Resources */,
				74CF6A8D24D027560074FFB2 /* Models */,
				74CF6A8B24D0273B0074FFB2 /* View */,
				74CF6A8A24D0272C0074FFB2 /* ViewController */,
				74687A1224CC2E2F008CD6AE /* AppDelegate.swift */,
				74687A1424CC2E2F008CD6AE /* SceneDelegate.swift */,
				74687A1D24CC2E30008CD6AE /* LaunchScreen.storyboard */,
				74687A2024CC2E30008CD6AE /* Info.plist */,
			);
			path = RecommendFoodApp;
			sourceTree = "<group>";
		};
		74CF6A8A24D0272C0074FFB2 /* ViewController */ = {
			isa = PBXGroup;
			children = (
				74687A1824CC2E2F008CD6AE /* Main.storyboard */,
				74CF6A8F24D040320074FFB2 /* MainViewController.swift */,
				74F83C8D24D3083200A41412 /* MainProductViewController.swift */,
			);
			path = ViewController;
			sourceTree = "<group>";
		};
		74CF6A8B24D0273B0074FFB2 /* View */ = {
			isa = PBXGroup;
			children = (
				74CF6A9324D05A3D0074FFB2 /* ProductTableViewCell.swift */,
				74F83C8F24D314D700A41412 /* ProductCollectionViewCell.swift */,
			);
			path = View;
			sourceTree = "<group>";
		};
		74CF6A8D24D027560074FFB2 /* Models */ = {
			isa = PBXGroup;
			children = (
				74CF6A9124D0588D0074FFB2 /* Product.swift */,
			);
			path = Models;
			sourceTree = "<group>";
		};
		74CF6A8E24D0275D0074FFB2 /* Resources */ = {
			isa = PBXGroup;
			children = (
				74687A1B24CC2E30008CD6AE /* Assets.xcassets */,
				74F83C9124D31D8200A41412 /* ProductData.swift */,
			);
			path = Resources;
			sourceTree = "<group>";
		};
/* End PBXGroup section */

/* Begin PBXNativeTarget section */
		74687A0E24CC2E2F008CD6AE /* RecommendFoodApp */ = {
			isa = PBXNativeTarget;
			buildConfigurationList = 74687A2324CC2E30008CD6AE /* Build configuration list for PBXNativeTarget "RecommendFoodApp" */;
			buildPhases = (
				74687A0B24CC2E2F008CD6AE /* Sources */,
				74687A0C24CC2E2F008CD6AE /* Frameworks */,
				74687A0D24CC2E2F008CD6AE /* Resources */,
			);
			buildRules = (
			);
			dependencies = (
			);
			name = RecommendFoodApp;
			productName = RecommendFoodApp;
			productReference = 74687A0F24CC2E2F008CD6AE /* RecommendFoodApp.app */;
			productType = "com.apple.product-type.application";
		};
/* End PBXNativeTarget section */

/* Begin PBXProject section */
		74687A0724CC2E2F008CD6AE /* Project object */ = {
			isa = PBXProject;
			attributes = {
				LastSwiftUpdateCheck = 1100;
				LastUpgradeCheck = 1100;
				ORGANIZATIONNAME = "Nguyen Thanh Long";
				TargetAttributes = {
					74687A0E24CC2E2F008CD6AE = {
						CreatedOnToolsVersion = 11.0;
					};
				};
			};
			buildConfigurationList = 74687A0A24CC2E2F008CD6AE /* Build configuration list for PBXProject "RecommendFoodApp" */;
			compatibilityVersion = "Xcode 9.3";
			developmentRegion = en;
			hasScannedForEncodings = 0;
			knownRegions = (
				en,
				Base,
			);
			mainGroup = 74687A0624CC2E2F008CD6AE;
			productRefGroup = 74687A1024CC2E2F008CD6AE /* Products */;
			projectDirPath = "";
			projectRoot = "";
			targets = (
				74687A0E24CC2E2F008CD6AE /* RecommendFoodApp */,
			);
		};
/* End PBXProject section */

/* Begin PBXResourcesBuildPhase section */
		74687A0D24CC2E2F008CD6AE /* Resources */ = {
			isa = PBXResourcesBuildPhase;
			buildActionMask = 2147483647;
			files = (
				74687A1F24CC2E30008CD6AE /* LaunchScreen.storyboard in Resources */,
				74687A1C24CC2E30008CD6AE /* Assets.xcassets in Resources */,
				74687A1A24CC2E2F008CD6AE /* Main.storyboard in Resources */,
			);
			runOnlyForDeploymentPostprocessing = 0;
		};
/* End PBXResourcesBuildPhase section */

/* Begin PBXSourcesBuildPhase section */
		74687A0B24CC2E2F008CD6AE /* Sources */ = {
			isa = PBXSourcesBuildPhase;
			buildActionMask = 2147483647;
			files = (
				74687A1324CC2E2F008CD6AE /* AppDelegate.swift in Sources */,
				74CF6A9224D0588D0074FFB2 /* Product.swift in Sources */,
				74F83C9024D314D700A41412 /* ProductCollectionViewCell.swift in Sources */,
				74687A1524CC2E2F008CD6AE /* SceneDelegate.swift in Sources */,
				74CF6A9024D040320074FFB2 /* MainViewController.swift in Sources */,
				74CF6A9424D05A3D0074FFB2 /* ProductTableViewCell.swift in Sources */,
				74F83C8E24D3083200A41412 /* MainProductViewController.swift in Sources */,
				74F83C9224D31D8200A41412 /* ProductData.swift in Sources */,
			);
			runOnlyForDeploymentPostprocessing = 0;
		};
/* End PBXSourcesBuildPhase section */

/* Begin PBXVariantGroup section */
		74687A1824CC2E2F008CD6AE /* Main.storyboard */ = {
			isa = PBXVariantGroup;
			children = (
				74687A1924CC2E2F008CD6AE /* Base */,
			);
			name = Main.storyboard;
			sourceTree = "<group>";
		};
		74687A1D24CC2E30008CD6AE /* LaunchScreen.storyboard */ = {
			isa = PBXVariantGroup;
			children = (
				74687A1E24CC2E30008CD6AE /* Base */,
			);
			name = LaunchScreen.storyboard;
			sourceTree = "<group>";
		};
/* End PBXVariantGroup section */

/* Begin XCBuildConfiguration section */
		74687A2124CC2E30008CD6AE /* Debug */ = {
			isa = XCBuildConfiguration;
			buildSettings = {
				ALWAYS_SEARCH_USER_PATHS = NO;
				CLANG_ANALYZER_NONNULL = YES;
				CLANG_ANALYZER_NUMBER_OBJECT_CONVERSION = YES_AGGRESSIVE;
				CLANG_CXX_LANGUAGE_STANDARD = "gnu++14";
				CLANG_CXX_LIBRARY = "libc++";
				CLANG_ENABLE_MODULES = YES;
				CLANG_ENABLE_OBJC_ARC = YES;
				CLANG_ENABLE_OBJC_WEAK = YES;
				CLANG_WARN_BLOCK_CAPTURE_AUTORELEASING = YES;
				CLANG_WARN_BOOL_CONVERSION = YES;
				CLANG_WARN_COMMA = YES;
				CLANG_WARN_CONSTANT_CONVERSION = YES;
				CLANG_WARN_DEPRECATED_OBJC_IMPLEMENTATIONS = YES;
				CLANG_WARN_DIRECT_OBJC_ISA_USAGE = YES_ERROR;
				CLANG_WARN_DOCUMENTATION_COMMENTS = YES;
				CLANG_WARN_EMPTY_BODY = YES;
				CLANG_WARN_ENUM_CONVERSION = YES;
				CLANG_WARN_INFINITE_RECURSION = YES;
				CLANG_WARN_INT_CONVERSION = YES;
				CLANG_WARN_NON_LITERAL_NULL_CONVERSION = YES;
				CLANG_WARN_OBJC_IMPLICIT_RETAIN_SELF = YES;
				CLANG_WARN_OBJC_LITERAL_CONVERSION = YES;
				CLANG_WARN_OBJC_ROOT_CLASS = YES_ERROR;
				CLANG_WARN_RANGE_LOOP_ANALYSIS = YES;
				CLANG_WARN_STRICT_PROTOTYPES = YES;
				CLANG_WARN_SUSPICIOUS_MOVE = YES;
				CLANG_WARN_UNGUARDED_AVAILABILITY = YES_AGGRESSIVE;
				CLANG_WARN_UNREACHABLE_CODE = YES;
				CLANG_WARN__DUPLICATE_METHOD_MATCH = YES;
				COPY_PHASE_STRIP = NO;
				DEBUG_INFORMATION_FORMAT = dwarf;
				ENABLE_STRICT_OBJC_MSGSEND = YES;
				ENABLE_TESTABILITY = YES;
				GCC_C_LANGUAGE_STANDARD = gnu11;
				GCC_DYNAMIC_NO_PIC = NO;
				GCC_NO_COMMON_BLOCKS = YES;
				GCC_OPTIMIZATION_LEVEL = 0;
				GCC_PREPROCESSOR_DEFINITIONS = (
					"DEBUG=1",
					"$(inherited)",
				);
				GCC_WARN_64_TO_32_BIT_CONVERSION = YES;
				GCC_WARN_ABOUT_RETURN_TYPE = YES_ERROR;
				GCC_WARN_UNDECLARED_SELECTOR = YES;
				GCC_WARN_UNINITIALIZED_AUTOS = YES_AGGRESSIVE;
				GCC_WARN_UNUSED_FUNCTION = YES;
				GCC_WARN_UNUSED_VARIABLE = YES;
				IPHONEOS_DEPLOYMENT_TARGET = 13.0;
				MTL_ENABLE_DEBUG_INFO = INCLUDE_SOURCE;
				MTL_FAST_MATH = YES;
				ONLY_ACTIVE_ARCH = YES;
				SDKROOT = iphoneos;
				SWIFT_ACTIVE_COMPILATION_CONDITIONS = DEBUG;
				SWIFT_OPTIMIZATION_LEVEL = "-Onone";
			};
			name = Debug;
		};
		74687A2224CC2E30008CD6AE /* Release */ = {
			isa = XCBuildConfiguration;
			buildSettings = {
				ALWAYS_SEARCH_USER_PATHS = NO;
				CLANG_ANALYZER_NONNULL = YES;
				CLANG_ANALYZER_NUMBER_OBJECT_CONVERSION = YES_AGGRESSIVE;
				CLANG_CXX_LANGUAGE_STANDARD = "gnu++14";
				CLANG_CXX_LIBRARY = "libc++";
				CLANG_ENABLE_MODULES = YES;
				CLANG_ENABLE_OBJC_ARC = YES;
				CLANG_ENABLE_OBJC_WEAK = YES;
				CLANG_WARN_BLOCK_CAPTURE_AUTORELEASING = YES;
				CLANG_WARN_BOOL_CONVERSION = YES;
				CLANG_WARN_COMMA = YES;
				CLANG_WARN_CONSTANT_CONVERSION = YES;
				CLANG_WARN_DEPRECATED_OBJC_IMPLEMENTATIONS = YES;
				CLANG_WARN_DIRECT_OBJC_ISA_USAGE = YES_ERROR;
				CLANG_WARN_DOCUMENTATION_COMMENTS = YES;
				CLANG_WARN_EMPTY_BODY = YES;
				CLANG_WARN_ENUM_CONVERSION = YES;
				CLANG_WARN_INFINITE_RECURSION = YES;
				CLANG_WARN_INT_CONVERSION = YES;
				CLANG_WARN_NON_LITERAL_NULL_CONVERSION = YES;
				CLANG_WARN_OBJC_IMPLICIT_RETAIN_SELF = YES;
				CLANG_WARN_OBJC_LITERAL_CONVERSION = YES;
				CLANG_WARN_OBJC_ROOT_CLASS = YES_ERROR;
				CLANG_WARN_RANGE_LOOP_ANALYSIS = YES;
				CLANG_WARN_STRICT_PROTOTYPES = YES;
				CLANG_WARN_SUSPICIOUS_MOVE = YES;
				CLANG_WARN_UNGUARDED_AVAILABILITY = YES_AGGRESSIVE;
				CLANG_WARN_UNREACHABLE_CODE = YES;
				CLANG_WARN__DUPLICATE_METHOD_MATCH = YES;
				COPY_PHASE_STRIP = NO;
				DEBUG_INFORMATION_FORMAT = "dwarf-with-dsym";
				ENABLE_NS_ASSERTIONS = NO;
				ENABLE_STRICT_OBJC_MSGSEND = YES;
				GCC_C_LANGUAGE_STANDARD = gnu11;
				GCC_NO_COMMON_BLOCKS = YES;
				GCC_WARN_64_TO_32_BIT_CONVERSION = YES;
				GCC_WARN_ABOUT_RETURN_TYPE = YES_ERROR;
				GCC_WARN_UNDECLARED_SELECTOR = YES;
				GCC_WARN_UNINITIALIZED_AUTOS = YES_AGGRESSIVE;
				GCC_WARN_UNUSED_FUNCTION = YES;
				GCC_WARN_UNUSED_VARIABLE = YES;
				IPHONEOS_DEPLOYMENT_TARGET = 13.0;
				MTL_ENABLE_DEBUG_INFO = NO;
				MTL_FAST_MATH = YES;
				SDKROOT = iphoneos;
				SWIFT_COMPILATION_MODE = wholemodule;
				SWIFT_OPTIMIZATION_LEVEL = "-O";
				VALIDATE_PRODUCT = YES;
			};
			name = Release;
		};
		74687A2424CC2E30008CD6AE /* Debug */ = {
			isa = XCBuildConfiguration;
			buildSettings = {
				ASSETCATALOG_COMPILER_APPICON_NAME = AppIcon;
				CODE_SIGN_STYLE = Automatic;
				INFOPLIST_FILE = RecommendFoodApp/Info.plist;
				LD_RUNPATH_SEARCH_PATHS = (
					"$(inherited)",
					"@executable_path/Frameworks",
				);
				PRODUCT_BUNDLE_IDENTIFIER = thanhlong.com.RecommendFoodApp;
				PRODUCT_NAME = "$(TARGET_NAME)";
				SWIFT_VERSION = 5.0;
				TARGETED_DEVICE_FAMILY = "1,2";
			};
			name = Debug;
		};
		74687A2524CC2E30008CD6AE /* Release */ = {
			isa = XCBuildConfiguration;
			buildSettings = {
				ASSETCATALOG_COMPILER_APPICON_NAME = AppIcon;
				CODE_SIGN_STYLE = Automatic;
				INFOPLIST_FILE = RecommendFoodApp/Info.plist;
				LD_RUNPATH_SEARCH_PATHS = (
					"$(inherited)",
					"@executable_path/Frameworks",
				);
				PRODUCT_BUNDLE_IDENTIFIER = thanhlong.com.RecommendFoodApp;
				PRODUCT_NAME = "$(TARGET_NAME)";
				SWIFT_VERSION = 5.0;
				TARGETED_DEVICE_FAMILY = "1,2";
			};
			name = Release;
		};
/* End XCBuildConfiguration section */

/* Begin XCConfigurationList section */
		74687A0A24CC2E2F008CD6AE /* Build configuration list for PBXProject "RecommendFoodApp" */ = {
			isa = XCConfigurationList;
			buildConfigurations = (
				74687A2124CC2E30008CD6AE /* Debug */,
				74687A2224CC2E30008CD6AE /* Release */,
			);
			defaultConfigurationIsVisible = 0;
			defaultConfigurationName = Release;
		};
		74687A2324CC2E30008CD6AE /* Build configuration list for PBXNativeTarget "RecommendFoodApp" */ = {
			isa = XCConfigurationList;
			buildConfigurations = (
				74687A2424CC2E30008CD6AE /* Debug */,
				74687A2524CC2E30008CD6AE /* Release */,
			);
			defaultConfigurationIsVisible = 0;
			defaultConfigurationName = Release;
		};
/* End XCConfigurationList section */
	};
	rootObject = 74687A0724CC2E2F008CD6AE /* Project object */;
}
